
Microsoft Visual Studio Solution File, Format Version 12.00
# Visual Studio Version 17
VisualStudioVersion = 17.14.36121.58 d17.14
MinimumVisualStudioVersion = 10.0.40219.1
Project("{FAE04EC0-301F-11D3-BF4B-00C04F79EFBC}") = "CryptographyConsoleApp", "CryptographyConsoleApp\CryptographyConsoleApp.csproj", "{C4D9E18B-79DF-481A-8501-FBE3A61FE193}"
EndProject
Global
	GlobalSection(SolutionConfigurationPlatforms) = preSolution
		Debug|Any CPU = Debug|Any CPU
		Release|Any CPU = Release|Any CPU
	EndGlobalSection
	GlobalSection(ProjectConfigurationPlatforms) = postSolution
		{C4D9E18B-79DF-481A-8501-FBE3A61FE193}.Debug|Any CPU.ActiveCfg = Debug|Any CPU
		{C4D9E18B-79DF-481A-8501-FBE3A61FE193}.Debug|Any CPU.Build.0 = Debug|Any CPU
		{C4D9E18B-79DF-481A-8501-FBE3A61FE193}.Release|Any CPU.ActiveCfg = Release|Any CPU
		{C4D9E18B-79DF-481A-8501-FBE3A61FE193}.Release|Any CPU.Build.0 = Release|Any CPU
	EndGlobalSection
	GlobalSection(SolutionProperties) = preSolution
		HideSolutionNode = FALSE
	EndGlobalSection
	GlobalSection(ExtensibilityGlobals) = postSolution
		SolutionGuid = {79005A67-C04A-4CF1-A4EC-4441A20432DE}
	EndGlobalSection
EndGlobal
